
Microsoft Visual Studio Solution File, Format Version 12.00
# Visual Studio Version 17
VisualStudioVersion = 17.11.35222.181
MinimumVisualStudioVersion = 10.0.40219.1
Project("{FAE04EC0-301F-11D3-BF4B-00C04F79EFBC}") = "Ejercio1", "Ejercio1\Ejercio1.csproj", "{DE8A574A-9EE7-41BB-A0E9-392C3DAC746C}"
EndProject
Global
	GlobalSection(SolutionConfigurationPlatforms) = preSolution
		Debug|Any CPU = Debug|Any CPU
		Release|Any CPU = Release|Any CPU
	EndGlobalSection
	GlobalSection(ProjectConfigurationPlatforms) = postSolution
		{DE8A574A-9EE7-41BB-A0E9-392C3DAC746C}.Debug|Any CPU.ActiveCfg = Debug|Any CPU
		{DE8A574A-9EE7-41BB-A0E9-392C3DAC746C}.Debug|Any CPU.Build.0 = Debug|Any CPU
		{DE8A574A-9EE7-41BB-A0E9-392C3DAC746C}.Release|Any CPU.ActiveCfg = Release|Any CPU
		{DE8A574A-9EE7-41BB-A0E9-392C3DAC746C}.Release|Any CPU.Build.0 = Release|Any CPU
	EndGlobalSection
	GlobalSection(SolutionProperties) = preSolution
		HideSolutionNode = FALSE
	EndGlobalSection
	GlobalSection(ExtensibilityGlobals) = postSolution
		SolutionGuid = {A20FA638-F768-4F84-AF8B-88848A72F1A1}
	EndGlobalSection
EndGlobal
